{
  "nodes": {
    "flake-utils": {
      "inputs": {
        "systems": "systems"
      },
      "locked": {
        "lastModified": 1731533236,
        "narHash": "sha256-l0KFg5HjrsfsO/JpG+r7fRrqm12kzFHyUHqHCVpMMbI=",
        "owner": "numtide",
        "repo": "flake-utils",
        "rev": "11707dc2f618dd54ca8739b309ec4fc024de578b",
        "type": "github"
      },
      "original": {
        "owner": "numtide",
        "repo": "flake-utils",
        "type": "github"
      }
    },
    "haumea": {
      "inputs": {
        "nixpkgs": [
          "nixpkgs"
        ]
      },
      "locked": {
        "lastModified": 1708375098,
        "narHash": "sha256-DaFJp3wDHgOqx98U0SF57bXaH2Orp106c+jSdPCVu1E=",
        "owner": "nix-community",
        "repo": "haumea",
        "rev": "ec6350fd9353e7f27ce0e85d31f82e3ed73e4d70",
        "type": "github"
      },
      "original": {
        "owner": "nix-community",
        "repo": "haumea",
        "type": "github"
      }
    },
    "haumea_2": {
      "inputs": {
        "nixpkgs": [
          "nix-helpers",
          "nixpkgs"
        ]
      },
      "locked": {
        "lastModified": 1708375098,
        "narHash": "sha256-DaFJp3wDHgOqx98U0SF57bXaH2Orp106c+jSdPCVu1E=",
        "owner": "nix-community",
        "repo": "haumea",
        "rev": "ec6350fd9353e7f27ce0e85d31f82e3ed73e4d70",
        "type": "github"
      },
      "original": {
        "owner": "nix-community",
        "repo": "haumea",
        "type": "github"
      }
    },
    "home-manager": {
      "inputs": {
        "nixpkgs": [
          "nixpkgs"
        ]
      },
      "locked": {
        "lastModified": 1747106332,
        "narHash": "sha256-mOdRWJzJAMp0hF8aSResyp8BeOO5VoSng1uqtEq+8xI=",
        "owner": "nix-community",
        "repo": "home-manager",
        "rev": "535a541b429c1e89f0955c160df1d6d2bfeaf802",
        "type": "github"
      },
      "original": {
        "owner": "nix-community",
        "ref": "master",
        "repo": "home-manager",
        "type": "github"
      }
    },
    "nix-darwin": {
      "inputs": {
        "nixpkgs": [
          "nixpkgs-darwin"
        ]
      },
      "locked": {
        "lastModified": 1747069642,
        "narHash": "sha256-a4TdGi/Ju8P3r5OIecNfM3LH3kccMY0dIo+EwiyphmM=",
        "owner": "nix-darwin",
        "repo": "nix-darwin",
        "rev": "d642c9856003ed37ce34dab618abf37e3ade1061",
        "type": "github"
      },
      "original": {
        "owner": "nix-darwin",
        "repo": "nix-darwin",
        "type": "github"
      }
    },
    "nix-helpers": {
      "inputs": {
        "flake-utils": "flake-utils",
        "haumea": "haumea_2",
        "nixpkgs": [
          "nixpkgs"
        ],
        "nixpkgs-lib": "nixpkgs-lib"
      },
      "locked": {
        "lastModified": 1747051001,
        "narHash": "sha256-nYbsACR24WusQ+qIo5XDg7PjCU9BQ5QwGglnq2s7xe8=",
        "owner": "keonly",
        "repo": "nix-helpers",
        "rev": "f542247625501484f214f54773a95418ddb15d95",
        "type": "github"
      },
      "original": {
        "owner": "keonly",
        "repo": "nix-helpers",
        "type": "github"
      }
    },
    "nixpkgs": {
      "locked": {
        "lastModified": 1746904237,
        "narHash": "sha256-3e+AVBczosP5dCLQmMoMEogM57gmZ2qrVSrmq9aResQ=",
        "owner": "nixos",
        "repo": "nixpkgs",
        "rev": "d89fc19e405cb2d55ce7cc114356846a0ee5e956",
        "type": "github"
      },
      "original": {
        "owner": "nixos",
        "ref": "nixos-unstable",
        "repo": "nixpkgs",
        "type": "github"
      }
    },
    "nixpkgs-darwin": {
      "locked": {
        "lastModified": 1746904237,
        "narHash": "sha256-3e+AVBczosP5dCLQmMoMEogM57gmZ2qrVSrmq9aResQ=",
        "owner": "nixos",
        "repo": "nixpkgs",
        "rev": "d89fc19e405cb2d55ce7cc114356846a0ee5e956",
        "type": "github"
      },
      "original": {
        "owner": "nixos",
        "ref": "nixos-unstable",
        "repo": "nixpkgs",
        "type": "github"
      }
    },
    "nixpkgs-lib": {
      "locked": {
        "lastModified": 1746925973,
        "narHash": "sha256-03BE0+8MEQ5hSU5+8OI24X7Rhn5GruYZr18KWAZ5Rzk=",
        "owner": "nix-community",
        "repo": "nixpkgs.lib",
        "rev": "f9077b977f4c06f04afdfcac722fa942dd25818c",
        "type": "github"
      },
      "original": {
        "owner": "nix-community",
        "repo": "nixpkgs.lib",
        "type": "github"
      }
    },
    "nixpkgs-stable": {
      "locked": {
        "lastModified": 1746957726,
        "narHash": "sha256-k9ut1LSfHCr0AW82ttEQzXVCqmyWVA5+SHJkS5ID/Jo=",
        "owner": "nixos",
        "repo": "nixpkgs",
        "rev": "a39ed32a651fdee6842ec930761e31d1f242cb94",
        "type": "github"
      },
      "original": {
        "owner": "nixos",
        "ref": "nixos-24.11",
        "repo": "nixpkgs",
        "type": "github"
      }
    },
    "nixpkgs-unstable": {
      "locked": {
        "lastModified": 1746904237,
        "narHash": "sha256-3e+AVBczosP5dCLQmMoMEogM57gmZ2qrVSrmq9aResQ=",
        "owner": "nixos",
        "repo": "nixpkgs",
        "rev": "d89fc19e405cb2d55ce7cc114356846a0ee5e956",
        "type": "github"
      },
      "original": {
        "owner": "nixos",
        "ref": "nixos-unstable",
        "repo": "nixpkgs",
        "type": "github"
      }
    },
    "root": {
      "inputs": {
        "haumea": "haumea",
        "home-manager": "home-manager",
        "nix-darwin": "nix-darwin",
        "nix-helpers": "nix-helpers",
        "nixpkgs": "nixpkgs",
        "nixpkgs-darwin": "nixpkgs-darwin",
        "nixpkgs-stable": "nixpkgs-stable",
        "nixpkgs-unstable": "nixpkgs-unstable"
      }
    },
    "systems": {
      "locked": {
        "lastModified": 1681028828,
        "narHash": "sha256-Vy1rq5AaRuLzOxct8nz4T6wlgyUR7zLU309k9mBC768=",
        "owner": "nix-systems",
        "repo": "default",
        "rev": "da67096a3b9bf56a91d16901293e51ba5b49a27e",
        "type": "github"
      },
      "original": {
        "owner": "nix-systems",
        "repo": "default",
        "type": "github"
      }
    }
  },
  "root": "root",
  "version": 7
}
